
Microsoft Visual Studio Solution File, Format Version 12.00
# Visual Studio 15
VisualStudioVersion = 15.0.27130.2010
MinimumVisualStudioVersion = 10.0.40219.1
Project("{9A19103F-16F7-4668-BE54-9A1E7A4F7556}") = "ForumVanhackAccelerator", "ForumVanhackAccelerator\ForumVanhackAccelerator.csproj", "{1D850AEF-C65C-4227-AFC7-A57F146F40F5}"
EndProject
Global
	GlobalSection(SolutionConfigurationPlatforms) = preSolution
		Debug|Any CPU = Debug|Any CPU
		Release|Any CPU = Release|Any CPU
	EndGlobalSection
	GlobalSection(ProjectConfigurationPlatforms) = postSolution
		{1D850AEF-C65C-4227-AFC7-A57F146F40F5}.Debug|Any CPU.ActiveCfg = Debug|Any CPU
		{1D850AEF-C65C-4227-AFC7-A57F146F40F5}.Debug|Any CPU.Build.0 = Debug|Any CPU
		{1D850AEF-C65C-4227-AFC7-A57F146F40F5}.Release|Any CPU.ActiveCfg = Release|Any CPU
		{1D850AEF-C65C-4227-AFC7-A57F146F40F5}.Release|Any CPU.Build.0 = Release|Any CPU
	EndGlobalSection
	GlobalSection(SolutionProperties) = preSolution
		HideSolutionNode = FALSE
	EndGlobalSection
	GlobalSection(ExtensibilityGlobals) = postSolution
		SolutionGuid = {53A8F7F9-06C6-4CFF-8962-980D2126CEAC}
	EndGlobalSection
EndGlobal
